
Microsoft Visual Studio Solution File, Format Version 12.00
# Visual Studio Version 17
VisualStudioVersion = 17.9.34607.119
MinimumVisualStudioVersion = 10.0.40219.1
Project("{FAE04EC0-301F-11D3-BF4B-00C04F79EFBC}") = "Icecream.App", "Icecream.App\Icecream.App.csproj", "{A6473F8F-5F73-4FC3-9F16-4EB667E8A2A5}"
EndProject
Project("{FAE04EC0-301F-11D3-BF4B-00C04F79EFBC}") = "Icecream.Api", "Icecream.Api\Icecream.Api.csproj", "{D4851B49-E058-4BA7-BBB0-0E3BCB46EFA7}"
EndProject
Project("{FAE04EC0-301F-11D3-BF4B-00C04F79EFBC}") = "Icecream.Shared", "Icecream.Shared\Icecream.Shared.csproj", "{EDD4A394-7D2D-4DEE-BAEA-CB06887C92E7}"
EndProject
Global
	GlobalSection(SolutionConfigurationPlatforms) = preSolution
		Debug|Any CPU = Debug|Any CPU
		Release|Any CPU = Release|Any CPU
	EndGlobalSection
	GlobalSection(ProjectConfigurationPlatforms) = postSolution
		{A6473F8F-5F73-4FC3-9F16-4EB667E8A2A5}.Debug|Any CPU.ActiveCfg = Debug|Any CPU
		{A6473F8F-5F73-4FC3-9F16-4EB667E8A2A5}.Debug|Any CPU.Build.0 = Debug|Any CPU
		{A6473F8F-5F73-4FC3-9F16-4EB667E8A2A5}.Debug|Any CPU.Deploy.0 = Debug|Any CPU
		{A6473F8F-5F73-4FC3-9F16-4EB667E8A2A5}.Release|Any CPU.ActiveCfg = Release|Any CPU
		{A6473F8F-5F73-4FC3-9F16-4EB667E8A2A5}.Release|Any CPU.Build.0 = Release|Any CPU
		{A6473F8F-5F73-4FC3-9F16-4EB667E8A2A5}.Release|Any CPU.Deploy.0 = Release|Any CPU
		{D4851B49-E058-4BA7-BBB0-0E3BCB46EFA7}.Debug|Any CPU.ActiveCfg = Debug|Any CPU
		{D4851B49-E058-4BA7-BBB0-0E3BCB46EFA7}.Debug|Any CPU.Build.0 = Debug|Any CPU
		{D4851B49-E058-4BA7-BBB0-0E3BCB46EFA7}.Release|Any CPU.ActiveCfg = Release|Any CPU
		{D4851B49-E058-4BA7-BBB0-0E3BCB46EFA7}.Release|Any CPU.Build.0 = Release|Any CPU
		{EDD4A394-7D2D-4DEE-BAEA-CB06887C92E7}.Debug|Any CPU.ActiveCfg = Debug|Any CPU
		{EDD4A394-7D2D-4DEE-BAEA-CB06887C92E7}.Debug|Any CPU.Build.0 = Debug|Any CPU
		{EDD4A394-7D2D-4DEE-BAEA-CB06887C92E7}.Release|Any CPU.ActiveCfg = Release|Any CPU
		{EDD4A394-7D2D-4DEE-BAEA-CB06887C92E7}.Release|Any CPU.Build.0 = Release|Any CPU
	EndGlobalSection
	GlobalSection(SolutionProperties) = preSolution
		HideSolutionNode = FALSE
	EndGlobalSection
	GlobalSection(ExtensibilityGlobals) = postSolution
		SolutionGuid = {BC64795B-C6B4-412D-89B8-862BEDDE716E}
	EndGlobalSection
EndGlobal
